{
  "name": "quickplay",
  "version": "1.0.0",
  "lockfileVersion": 1,
  "requires": true,
  "dependencies": {
    "@fortawesome/fontawesome-free": {
      "version": "5.12.0",
      "resolved": "https://registry.npmjs.org/@fortawesome/fontawesome-free/-/fontawesome-free-5.12.0.tgz",
      "integrity": "sha512-vKDJUuE2GAdBERaQWmmtsciAMzjwNrROXA5KTGSZvayAsmuTGjam5z6QNqNPCwDfVljLWuov1nEC3mEQf/n6fQ==",
      "dev": true
    },
    "dark-mode-switch": {
      "version": "1.0.0",
      "resolved": "https://registry.npmjs.org/dark-mode-switch/-/dark-mode-switch-1.0.0.tgz",
      "integrity": "sha512-wRoqYGmph7mwRbPcSNRR6DpRQe5wOK0lG6O3Hz7nIWWDyLAHSqje7PUI6c/acOYACiSPHc7sqysn57GSuklb6w=="
    },
    "hangul-js": {
      "version": "0.2.6",
      "resolved": "https://registry.npmjs.org/hangul-js/-/hangul-js-0.2.6.tgz",
      "integrity": "sha512-48axU8LgjCD30FEs66Xc04/8knxMwCMQw0f67l67rlttW7VXT3qRJgQeHmhiuGwWXGvSbk6YM0fhQlcjE1JFQA=="
    },
    "jquery": {
      "version": "3.4.1",
      "resolved": "https://registry.npmjs.org/jquery/-/jquery-3.4.1.tgz",
      "integrity": "sha512-36+AdBzCL+y6qjw5Tx7HgzeGCzC81MDDgaUP8ld2zhx58HdqXGoBd+tHdrBMiyjGQs0Hxs/MLZTu/eHNJJuWPw=="
    },
    "jquery-contextmenu": {
      "version": "2.9.0",
      "resolved": "https://registry.npmjs.org/jquery-contextmenu/-/jquery-contextmenu-2.9.0.tgz",
      "integrity": "sha512-sn0eyBNeIa7AOdU+j3lP2YZ0bbtkrTCtkp3S7UwRf8lurPVKI/3uyOV3h/pMyJclfmO6ps5shObQTfzJiaN/OQ=="
    },
    "js-alert": {
      "version": "1.0.4",
      "resolved": "https://registry.npmjs.org/js-alert/-/js-alert-1.0.4.tgz",
      "integrity": "sha1-I2Lwd8dgR75mWiDpXLyOyYhcP8k="
    },
    "moment": {
      "version": "2.24.0",
      "resolved": "https://registry.npmjs.org/moment/-/moment-2.24.0.tgz",
      "integrity": "sha512-bV7f+6l2QigeBBZSM/6yTNq4P2fNpSWj/0e7jQcy87A8e7o2nAfP/34/2ky5Vw4B9S446EtIhodAzkFCcR4dQg=="
    },
    "popper.js": {
      "version": "1.16.1",
      "resolved": "https://registry.npmjs.org/popper.js/-/popper.js-1.16.1.tgz",
      "integrity": "sha512-Wb4p1J4zyFTbM+u6WuO4XstYx4Ky9Cewe4DWrel7B0w6VVICvPwdOpotjzcf6eD8TsckVnIMNONQyPIUFOUbCQ=="
    }
  }
}
